// !$*UTF8*$!
{
	archiveVersion = 1;
	classes = {
	};
	objectVersion = 77;
	objects = {

/* Begin PBXContainerItemProxy section */
		DAE7D4C02CFAA97A004503A5 /* PBXContainerItemProxy */ = {
			isa = PBXContainerItemProxy;
			containerPortal = DAE7D4A72CFAA979004503A5 /* Project object */;
			proxyType = 1;
			remoteGlobalIDString = DAE7D4AE2CFAA979004503A5;
			remoteInfo = my_first_swift;
		};
		DAE7D4CA2CFAA97A004503A5 /* PBXContainerItemProxy */ = {
			isa = PBXContainerItemProxy;
			containerPortal = DAE7D4A72CFAA979004503A5 /* Project object */;
			proxyType = 1;
			remoteGlobalIDString = DAE7D4AE2CFAA979004503A5;
			remoteInfo = my_first_swift;
		};
/* End PBXContainerItemProxy section */

/* Begin PBXFileReference section */
		DAE7D4AF2CFAA979004503A5 /* my_first_swift.app */ = {isa = PBXFileReference; explicitFileType = wrapper.application; includeInIndex = 0; path = my_first_swift.app; sourceTree = BUILT_PRODUCTS_DIR; };
		DAE7D4BF2CFAA97A004503A5 /* my_first_swiftTests.xctest */ = {isa = PBXFileReference; explicitFileType = wrapper.cfbundle; includeInIndex = 0; path = my_first_swiftTests.xctest; sourceTree = BUILT_PRODUCTS_DIR; };
		DAE7D4C92CFAA97A004503A5 /* my_first_swiftUITests.xctest */ = {isa = PBXFileReference; explicitFileType = wrapper.cfbundle; includeInIndex = 0; path = my_first_swiftUITests.xctest; sourceTree = BUILT_PRODUCTS_DIR; };
/* End PBXFileReference section */

/* Begin PBXFileSystemSynchronizedRootGroup section */
		DAE7D4B12CFAA979004503A5 /* my_first_swift */ = {
			isa = PBXFileSystemSynchronizedRootGroup;
			path = my_first_swift;
			sourceTree = "<group>";
		};
		DAE7D4C22CFAA97A004503A5 /* my_first_swiftTests */ = {
			isa = PBXFileSystemSynchronizedRootGroup;
			path = my_first_swiftTests;
			sourceTree = "<group>";
		};
		DAE7D4CC2CFAA97A004503A5 /* my_first_swiftUITests */ = {
			isa = PBXFileSystemSynchronizedRootGroup;
			path = my_first_swiftUITests;
			sourceTree = "<group>";
		};
/* End PBXFileSystemSynchronizedRootGroup section */

/* Begin PBXFrameworksBuildPhase section */
		DAE7D4AC2CFAA979004503A5 /* Frameworks */ = {
			isa = PBXFrameworksBuildPhase;
			buildActionMask = 2147483647;
			files = (
			);
			runOnlyForDeploymentPostprocessing = 0;
		};
		DAE7D4BC2CFAA97A004503A5 /* Frameworks */ = {
			isa = PBXFrameworksBuildPhase;
			buildActionMask = 2147483647;
			files = (
			);
			runOnlyForDeploymentPostprocessing = 0;
		};
		DAE7D4C62CFAA97A004503A5 /* Frameworks */ = {
			isa = PBXFrameworksBuildPhase;
			buildActionMask = 2147483647;
			files = (
			);
			runOnlyForDeploymentPostprocessing = 0;
		};
/* End PBXFrameworksBuildPhase section */

/* Begin PBXGroup section */
		DAE7D4A62CFAA979004503A5 = {
			isa = PBXGroup;
			children = (
				DAE7D4B12CFAA979004503A5 /* my_first_swift */,
				DAE7D4C22CFAA97A004503A5 /* my_first_swiftTests */,
				DAE7D4CC2CFAA97A004503A5 /* my_first_swiftUITests */,
				DAE7D4B02CFAA979004503A5 /* Products */,
			);
			sourceTree = "<group>";
		};
		DAE7D4B02CFAA979004503A5 /* Products */ = {
			isa = PBXGroup;
			children = (
				DAE7D4AF2CFAA979004503A5 /* my_first_swift.app */,
				DAE7D4BF2CFAA97A004503A5 /* my_first_swiftTests.xctest */,
				DAE7D4C92CFAA97A004503A5 /* my_first_swiftUITests.xctest */,
			);
			name = Products;
			sourceTree = "<group>";
		};
/* End PBXGroup section */

/* Begin PBXNativeTarget section */
		DAE7D4AE2CFAA979004503A5 /* my_first_swift */ = {
			isa = PBXNativeTarget;
			buildConfigurationList = DAE7D4D32CFAA97A004503A5 /* Build configuration list for PBXNativeTarget "my_first_swift" */;
			buildPhases = (
				DAE7D4AB2CFAA979004503A5 /* Sources */,
				DAE7D4AC2CFAA979004503A5 /* Frameworks */,
				DAE7D4AD2CFAA979004503A5 /* Resources */,
			);
			buildRules = (
			);
			dependencies = (
			);
			fileSystemSynchronizedGroups = (
				DAE7D4B12CFAA979004503A5 /* my_first_swift */,
			);
			name = my_first_swift;
			packageProductDependencies = (
			);
			productName = my_first_swift;
			productReference = DAE7D4AF2CFAA979004503A5 /* my_first_swift.app */;
			productType = "com.apple.product-type.application";
		};
		DAE7D4BE2CFAA97A004503A5 /* my_first_swiftTests */ = {
			isa = PBXNativeTarget;
			buildConfigurationList = DAE7D4D62CFAA97A004503A5 /* Build configuration list for PBXNativeTarget "my_first_swiftTests" */;
			buildPhases = (
				DAE7D4BB2CFAA97A004503A5 /* Sources */,
				DAE7D4BC2CFAA97A004503A5 /* Frameworks */,
				DAE7D4BD2CFAA97A004503A5 /* Resources */,
			);
			buildRules = (
			);
			dependencies = (
				DAE7D4C12CFAA97A004503A5 /* PBXTargetDependency */,
			);
			fileSystemSynchronizedGroups = (
				DAE7D4C22CFAA97A004503A5 /* my_first_swiftTests */,
			);
			name = my_first_swiftTests;
			packageProductDependencies = (
			);
			productName = my_first_swiftTests;
			productReference = DAE7D4BF2CFAA97A004503A5 /* my_first_swiftTests.xctest */;
			productType = "com.apple.product-type.bundle.unit-test";
		};
		DAE7D4C82CFAA97A004503A5 /* my_first_swiftUITests */ = {
			isa = PBXNativeTarget;
			buildConfigurationList = DAE7D4D92CFAA97A004503A5 /* Build configuration list for PBXNativeTarget "my_first_swiftUITests" */;
			buildPhases = (
				DAE7D4C52CFAA97A004503A5 /* Sources */,
				DAE7D4C62CFAA97A004503A5 /* Frameworks */,
				DAE7D4C72CFAA97A004503A5 /* Resources */,
			);
			buildRules = (
			);
			dependencies = (
				DAE7D4CB2CFAA97A004503A5 /* PBXTargetDependency */,
			);
			fileSystemSynchronizedGroups = (
				DAE7D4CC2CFAA97A004503A5 /* my_first_swiftUITests */,
			);
			name = my_first_swiftUITests;
			packageProductDependencies = (
			);
			productName = my_first_swiftUITests;
			productReference = DAE7D4C92CFAA97A004503A5 /* my_first_swiftUITests.xctest */;
			productType = "com.apple.product-type.bundle.ui-testing";
		};
/* End PBXNativeTarget section */

/* Begin PBXProject section */
		DAE7D4A72CFAA979004503A5 /* Project object */ = {
			isa = PBXProject;
			attributes = {
				BuildIndependentTargetsInParallel = 1;
				LastSwiftUpdateCheck = 1610;
				LastUpgradeCheck = 1610;
				TargetAttributes = {
					DAE7D4AE2CFAA979004503A5 = {
						CreatedOnToolsVersion = 16.1;
					};
					DAE7D4BE2CFAA97A004503A5 = {
						CreatedOnToolsVersion = 16.1;
						TestTargetID = DAE7D4AE2CFAA979004503A5;
					};
					DAE7D4C82CFAA97A004503A5 = {
						CreatedOnToolsVersion = 16.1;
						TestTargetID = DAE7D4AE2CFAA979004503A5;
					};
				};
			};
			buildConfigurationList = DAE7D4AA2CFAA979004503A5 /* Build configuration list for PBXProject "my_first_swift" */;
			developmentRegion = en;
			hasScannedForEncodings = 0;
			knownRegions = (
				en,
				Base,
			);
			mainGroup = DAE7D4A62CFAA979004503A5;
			minimizedProjectReferenceProxies = 1;
			preferredProjectObjectVersion = 77;
			productRefGroup = DAE7D4B02CFAA979004503A5 /* Products */;
			projectDirPath = "";
			projectRoot = "";
			targets = (
				DAE7D4AE2CFAA979004503A5 /* my_first_swift */,
				DAE7D4BE2CFAA97A004503A5 /* my_first_swiftTests */,
				DAE7D4C82CFAA97A004503A5 /* my_first_swiftUITests */,
			);
		};
/* End PBXProject section */

/* Begin PBXResourcesBuildPhase section */
		DAE7D4AD2CFAA979004503A5 /* Resources */ = {
			isa = PBXResourcesBuildPhase;
			buildActionMask = 2147483647;
			files = (
			);
			runOnlyForDeploymentPostprocessing = 0;
		};
		DAE7D4BD2CFAA97A004503A5 /* Resources */ = {
			isa = PBXResourcesBuildPhase;
			buildActionMask = 2147483647;
			files = (
			);
			runOnlyForDeploymentPostprocessing = 0;
		};
		DAE7D4C72CFAA97A004503A5 /* Resources */ = {
			isa = PBXResourcesBuildPhase;
			buildActionMask = 2147483647;
			files = (
			);
			runOnlyForDeploymentPostprocessing = 0;
		};
/* End PBXResourcesBuildPhase section */

/* Begin PBXSourcesBuildPhase section */
		DAE7D4AB2CFAA979004503A5 /* Sources */ = {
			isa = PBXSourcesBuildPhase;
			buildActionMask = 2147483647;
			files = (
			);
			runOnlyForDeploymentPostprocessing = 0;
		};
		DAE7D4BB2CFAA97A004503A5 /* Sources */ = {
			isa = PBXSourcesBuildPhase;
			buildActionMask = 2147483647;
			files = (
			);
			runOnlyForDeploymentPostprocessing = 0;
		};
		DAE7D4C52CFAA97A004503A5 /* Sources */ = {
			isa = PBXSourcesBuildPhase;
			buildActionMask = 2147483647;
			files = (
			);
			runOnlyForDeploymentPostprocessing = 0;
		};
/* End PBXSourcesBuildPhase section */

/* Begin PBXTargetDependency section */
		DAE7D4C12CFAA97A004503A5 /* PBXTargetDependency */ = {
			isa = PBXTargetDependency;
			target = DAE7D4AE2CFAA979004503A5 /* my_first_swift */;
			targetProxy = DAE7D4C02CFAA97A004503A5 /* PBXContainerItemProxy */;
		};
		DAE7D4CB2CFAA97A004503A5 /* PBXTargetDependency */ = {
			isa = PBXTargetDependency;
			target = DAE7D4AE2CFAA979004503A5 /* my_first_swift */;
			targetProxy = DAE7D4CA2CFAA97A004503A5 /* PBXContainerItemProxy */;
		};
/* End PBXTargetDependency section */

/* Begin XCBuildConfiguration section */
		DAE7D4D12CFAA97A004503A5 /* Debug */ = {
			isa = XCBuildConfiguration;
			buildSettings = {
				ALWAYS_SEARCH_USER_PATHS = NO;
				ASSETCATALOG_COMPILER_GENERATE_SWIFT_ASSET_SYMBOL_EXTENSIONS = YES;
				CLANG_ANALYZER_NONNULL = YES;
				CLANG_ANALYZER_NUMBER_OBJECT_CONVERSION = YES_AGGRESSIVE;
				CLANG_CXX_LANGUAGE_STANDARD = "gnu++20";
				CLANG_ENABLE_MODULES = YES;
				CLANG_ENABLE_OBJC_ARC = YES;
				CLANG_ENABLE_OBJC_WEAK = YES;
				CLANG_WARN_BLOCK_CAPTURE_AUTORELEASING = YES;
				CLANG_WARN_BOOL_CONVERSION = YES;
				CLANG_WARN_COMMA = YES;
				CLANG_WARN_CONSTANT_CONVERSION = YES;
				CLANG_WARN_DEPRECATED_OBJC_IMPLEMENTATIONS = YES;
				CLANG_WARN_DIRECT_OBJC_ISA_USAGE = YES_ERROR;
				CLANG_WARN_DOCUMENTATION_COMMENTS = YES;
				CLANG_WARN_EMPTY_BODY = YES;
				CLANG_WARN_ENUM_CONVERSION = YES;
				CLANG_WARN_INFINITE_RECURSION = YES;
				CLANG_WARN_INT_CONVERSION = YES;
				CLANG_WARN_NON_LITERAL_NULL_CONVERSION = YES;
				CLANG_WARN_OBJC_IMPLICIT_RETAIN_SELF = YES;
				CLANG_WARN_OBJC_LITERAL_CONVERSION = YES;
				CLANG_WARN_OBJC_ROOT_CLASS = YES_ERROR;
				CLANG_WARN_QUOTED_INCLUDE_IN_FRAMEWORK_HEADER = YES;
				CLANG_WARN_RANGE_LOOP_ANALYSIS = YES;
				CLANG_WARN_STRICT_PROTOTYPES = YES;
				CLANG_WARN_SUSPICIOUS_MOVE = YES;
				CLANG_WARN_UNGUARDED_AVAILABILITY = YES_AGGRESSIVE;
				CLANG_WARN_UNREACHABLE_CODE = YES;
				CLANG_WARN__DUPLICATE_METHOD_MATCH = YES;
				COPY_PHASE_STRIP = NO;
				DEBUG_INFORMATION_FORMAT = dwarf;
				ENABLE_STRICT_OBJC_MSGSEND = YES;
				ENABLE_TESTABILITY = YES;
				ENABLE_USER_SCRIPT_SANDBOXING = YES;
				GCC_C_LANGUAGE_STANDARD = gnu17;
				GCC_DYNAMIC_NO_PIC = NO;
				GCC_NO_COMMON_BLOCKS = YES;
				GCC_OPTIMIZATION_LEVEL = 0;
				GCC_PREPROCESSOR_DEFINITIONS = (
					"DEBUG=1",
					"$(inherited)",
				);
				GCC_WARN_64_TO_32_BIT_CONVERSION = YES;
				GCC_WARN_ABOUT_RETURN_TYPE = YES_ERROR;
				GCC_WARN_UNDECLARED_SELECTOR = YES;
				GCC_WARN_UNINITIALIZED_AUTOS = YES_AGGRESSIVE;
				GCC_WARN_UNUSED_FUNCTION = YES;
				GCC_WARN_UNUSED_VARIABLE = YES;
				IPHONEOS_DEPLOYMENT_TARGET = 18.1;
				LOCALIZATION_PREFERS_STRING_CATALOGS = YES;
				MTL_ENABLE_DEBUG_INFO = INCLUDE_SOURCE;
				MTL_FAST_MATH = YES;
				ONLY_ACTIVE_ARCH = YES;
				SDKROOT = iphoneos;
				SWIFT_ACTIVE_COMPILATION_CONDITIONS = "DEBUG $(inherited)";
				SWIFT_OPTIMIZATION_LEVEL = "-Onone";
			};
			name = Debug;
		};
		DAE7D4D22CFAA97A004503A5 /* Release */ = {
			isa = XCBuildConfiguration;
			buildSettings = {
				ALWAYS_SEARCH_USER_PATHS = NO;
				ASSETCATALOG_COMPILER_GENERATE_SWIFT_ASSET_SYMBOL_EXTENSIONS = YES;
				CLANG_ANALYZER_NONNULL = YES;
				CLANG_ANALYZER_NUMBER_OBJECT_CONVERSION = YES_AGGRESSIVE;
				CLANG_CXX_LANGUAGE_STANDARD = "gnu++20";
				CLANG_ENABLE_MODULES = YES;
				CLANG_ENABLE_OBJC_ARC = YES;
				CLANG_ENABLE_OBJC_WEAK = YES;
				CLANG_WARN_BLOCK_CAPTURE_AUTORELEASING = YES;
				CLANG_WARN_BOOL_CONVERSION = YES;
				CLANG_WARN_COMMA = YES;
				CLANG_WARN_CONSTANT_CONVERSION = YES;
				CLANG_WARN_DEPRECATED_OBJC_IMPLEMENTATIONS = YES;
				CLANG_WARN_DIRECT_OBJC_ISA_USAGE = YES_ERROR;
				CLANG_WARN_DOCUMENTATION_COMMENTS = YES;
				CLANG_WARN_EMPTY_BODY = YES;
				CLANG_WARN_ENUM_CONVERSION = YES;
				CLANG_WARN_INFINITE_RECURSION = YES;
				CLANG_WARN_INT_CONVERSION = YES;
				CLANG_WARN_NON_LITERAL_NULL_CONVERSION = YES;
				CLANG_WARN_OBJC_IMPLICIT_RETAIN_SELF = YES;
				CLANG_WARN_OBJC_LITERAL_CONVERSION = YES;
				CLANG_WARN_OBJC_ROOT_CLASS = YES_ERROR;
				CLANG_WARN_QUOTED_INCLUDE_IN_FRAMEWORK_HEADER = YES;
				CLANG_WARN_RANGE_LOOP_ANALYSIS = YES;
				CLANG_WARN_STRICT_PROTOTYPES = YES;
				CLANG_WARN_SUSPICIOUS_MOVE = YES;
				CLANG_WARN_UNGUARDED_AVAILABILITY = YES_AGGRESSIVE;
				CLANG_WARN_UNREACHABLE_CODE = YES;
				CLANG_WARN__DUPLICATE_METHOD_MATCH = YES;
				COPY_PHASE_STRIP = NO;
				DEBUG_INFORMATION_FORMAT = "dwarf-with-dsym";
				ENABLE_NS_ASSERTIONS = NO;
				ENABLE_STRICT_OBJC_MSGSEND = YES;
				ENABLE_USER_SCRIPT_SANDBOXING = YES;
				GCC_C_LANGUAGE_STANDARD = gnu17;
				GCC_NO_COMMON_BLOCKS = YES;
				GCC_WARN_64_TO_32_BIT_CONVERSION = YES;
				GCC_WARN_ABOUT_RETURN_TYPE = YES_ERROR;
				GCC_WARN_UNDECLARED_SELECTOR = YES;
				GCC_WARN_UNINITIALIZED_AUTOS = YES_AGGRESSIVE;
				GCC_WARN_UNUSED_FUNCTION = YES;
				GCC_WARN_UNUSED_VARIABLE = YES;
				IPHONEOS_DEPLOYMENT_TARGET = 18.1;
				LOCALIZATION_PREFERS_STRING_CATALOGS = YES;
				MTL_ENABLE_DEBUG_INFO = NO;
				MTL_FAST_MATH = YES;
				SDKROOT = iphoneos;
				SWIFT_COMPILATION_MODE = wholemodule;
				VALIDATE_PRODUCT = YES;
			};
			name = Release;
		};
		DAE7D4D42CFAA97A004503A5 /* Debug */ = {
			isa = XCBuildConfiguration;
			buildSettings = {
				ASSETCATALOG_COMPILER_APPICON_NAME = AppIcon;
				ASSETCATALOG_COMPILER_GLOBAL_ACCENT_COLOR_NAME = AccentColor;
				CODE_SIGN_STYLE = Automatic;
				CURRENT_PROJECT_VERSION = 1;
				DEVELOPMENT_ASSET_PATHS = "\"my_first_swift/Preview Content\"";
				ENABLE_PREVIEWS = YES;
				GENERATE_INFOPLIST_FILE = YES;
				INFOPLIST_KEY_UIApplicationSceneManifest_Generation = YES;
				INFOPLIST_KEY_UIApplicationSupportsIndirectInputEvents = YES;
				INFOPLIST_KEY_UILaunchScreen_Generation = YES;
				INFOPLIST_KEY_UISupportedInterfaceOrientations_iPad = "UIInterfaceOrientationPortrait UIInterfaceOrientationPortraitUpsideDown UIInterfaceOrientationLandscapeLeft UIInterfaceOrientationLandscapeRight";
				INFOPLIST_KEY_UISupportedInterfaceOrientations_iPhone = "UIInterfaceOrientationPortrait UIInterfaceOrientationLandscapeLeft UIInterfaceOrientationLandscapeRight";
				LD_RUNPATH_SEARCH_PATHS = (
					"$(inherited)",
					"@executable_path/Frameworks",
				);
				MARKETING_VERSION = 1.0;
				PRODUCT_BUNDLE_IDENTIFIER = "my-first-app.my-first-swift";
				PRODUCT_NAME = "$(TARGET_NAME)";
				SWIFT_EMIT_LOC_STRINGS = YES;
				SWIFT_VERSION = 5.0;
				TARGETED_DEVICE_FAMILY = "1,2";
			};
			name = Debug;
		};
		DAE7D4D52CFAA97A004503A5 /* Release */ = {
			isa = XCBuildConfiguration;
			buildSettings = {
				ASSETCATALOG_COMPILER_APPICON_NAME = AppIcon;
				ASSETCATALOG_COMPILER_GLOBAL_ACCENT_COLOR_NAME = AccentColor;
				CODE_SIGN_STYLE = Automatic;
				CURRENT_PROJECT_VERSION = 1;
				DEVELOPMENT_ASSET_PATHS = "\"my_first_swift/Preview Content\"";
				ENABLE_PREVIEWS = YES;
				GENERATE_INFOPLIST_FILE = YES;
				INFOPLIST_KEY_UIApplicationSceneManifest_Generation = YES;
				INFOPLIST_KEY_UIApplicationSupportsIndirectInputEvents = YES;
				INFOPLIST_KEY_UILaunchScreen_Generation = YES;
				INFOPLIST_KEY_UISupportedInterfaceOrientations_iPad = "UIInterfaceOrientationPortrait UIInterfaceOrientationPortraitUpsideDown UIInterfaceOrientationLandscapeLeft UIInterfaceOrientationLandscapeRight";
				INFOPLIST_KEY_UISupportedInterfaceOrientations_iPhone = "UIInterfaceOrientationPortrait UIInterfaceOrientationLandscapeLeft UIInterfaceOrientationLandscapeRight";
				LD_RUNPATH_SEARCH_PATHS = (
					"$(inherited)",
					"@executable_path/Frameworks",
				);
				MARKETING_VERSION = 1.0;
				PRODUCT_BUNDLE_IDENTIFIER = "my-first-app.my-first-swift";
				PRODUCT_NAME = "$(TARGET_NAME)";
				SWIFT_EMIT_LOC_STRINGS = YES;
				SWIFT_VERSION = 5.0;
				TARGETED_DEVICE_FAMILY = "1,2";
			};
			name = Release;
		};
		DAE7D4D72CFAA97A004503A5 /* Debug */ = {
			isa = XCBuildConfiguration;
			buildSettings = {
				BUNDLE_LOADER = "$(TEST_HOST)";
				CODE_SIGN_STYLE = Automatic;
				CURRENT_PROJECT_VERSION = 1;
				GENERATE_INFOPLIST_FILE = YES;
				IPHONEOS_DEPLOYMENT_TARGET = 18.1;
				MARKETING_VERSION = 1.0;
				PRODUCT_BUNDLE_IDENTIFIER = "my-first-app.my-first-swiftTests";
				PRODUCT_NAME = "$(TARGET_NAME)";
				SWIFT_EMIT_LOC_STRINGS = NO;
				SWIFT_VERSION = 5.0;
				TARGETED_DEVICE_FAMILY = "1,2";
				TEST_HOST = "$(BUILT_PRODUCTS_DIR)/my_first_swift.app/$(BUNDLE_EXECUTABLE_FOLDER_PATH)/my_first_swift";
			};
			name = Debug;
		};
		DAE7D4D82CFAA97A004503A5 /* Release */ = {
			isa = XCBuildConfiguration;
			buildSettings = {
				BUNDLE_LOADER = "$(TEST_HOST)";
				CODE_SIGN_STYLE = Automatic;
				CURRENT_PROJECT_VERSION = 1;
				GENERATE_INFOPLIST_FILE = YES;
				IPHONEOS_DEPLOYMENT_TARGET = 18.1;
				MARKETING_VERSION = 1.0;
				PRODUCT_BUNDLE_IDENTIFIER = "my-first-app.my-first-swiftTests";
				PRODUCT_NAME = "$(TARGET_NAME)";
				SWIFT_EMIT_LOC_STRINGS = NO;
				SWIFT_VERSION = 5.0;
				TARGETED_DEVICE_FAMILY = "1,2";
				TEST_HOST = "$(BUILT_PRODUCTS_DIR)/my_first_swift.app/$(BUNDLE_EXECUTABLE_FOLDER_PATH)/my_first_swift";
			};
			name = Release;
		};
		DAE7D4DA2CFAA97A004503A5 /* Debug */ = {
			isa = XCBuildConfiguration;
			buildSettings = {
				CODE_SIGN_STYLE = Automatic;
				CURRENT_PROJECT_VERSION = 1;
				GENERATE_INFOPLIST_FILE = YES;
				MARKETING_VERSION = 1.0;
				PRODUCT_BUNDLE_IDENTIFIER = "my-first-app.my-first-swiftUITests";
				PRODUCT_NAME = "$(TARGET_NAME)";
				SWIFT_EMIT_LOC_STRINGS = NO;
				SWIFT_VERSION = 5.0;
				TARGETED_DEVICE_FAMILY = "1,2";
				TEST_TARGET_NAME = my_first_swift;
			};
			name = Debug;
		};
		DAE7D4DB2CFAA97A004503A5 /* Release */ = {
			isa = XCBuildConfiguration;
			buildSettings = {
				CODE_SIGN_STYLE = Automatic;
				CURRENT_PROJECT_VERSION = 1;
				GENERATE_INFOPLIST_FILE = YES;
				MARKETING_VERSION = 1.0;
				PRODUCT_BUNDLE_IDENTIFIER = "my-first-app.my-first-swiftUITests";
				PRODUCT_NAME = "$(TARGET_NAME)";
				SWIFT_EMIT_LOC_STRINGS = NO;
				SWIFT_VERSION = 5.0;
				TARGETED_DEVICE_FAMILY = "1,2";
				TEST_TARGET_NAME = my_first_swift;
			};
			name = Release;
		};
/* End XCBuildConfiguration section */

/* Begin XCConfigurationList section */
		DAE7D4AA2CFAA979004503A5 /* Build configuration list for PBXProject "my_first_swift" */ = {
			isa = XCConfigurationList;
			buildConfigurations = (
				DAE7D4D12CFAA97A004503A5 /* Debug */,
				DAE7D4D22CFAA97A004503A5 /* Release */,
			);
			defaultConfigurationIsVisible = 0;
			defaultConfigurationName = Release;
		};
		DAE7D4D32CFAA97A004503A5 /* Build configuration list for PBXNativeTarget "my_first_swift" */ = {
			isa = XCConfigurationList;
			buildConfigurations = (
				DAE7D4D42CFAA97A004503A5 /* Debug */,
				DAE7D4D52CFAA97A004503A5 /* Release */,
			);
			defaultConfigurationIsVisible = 0;
			defaultConfigurationName = Release;
		};
		DAE7D4D62CFAA97A004503A5 /* Build configuration list for PBXNativeTarget "my_first_swiftTests" */ = {
			isa = XCConfigurationList;
			buildConfigurations = (
				DAE7D4D72CFAA97A004503A5 /* Debug */,
				DAE7D4D82CFAA97A004503A5 /* Release */,
			);
			defaultConfigurationIsVisible = 0;
			defaultConfigurationName = Release;
		};
		DAE7D4D92CFAA97A004503A5 /* Build configuration list for PBXNativeTarget "my_first_swiftUITests" */ = {
			isa = XCConfigurationList;
			buildConfigurations = (
				DAE7D4DA2CFAA97A004503A5 /* Debug */,
				DAE7D4DB2CFAA97A004503A5 /* Release */,
			);
			defaultConfigurationIsVisible = 0;
			defaultConfigurationName = Release;
		};
/* End XCConfigurationList section */
	};
	rootObject = DAE7D4A72CFAA979004503A5 /* Project object */;
}
